// !$*UTF8*$!
{
	archiveVersion = 1;
	classes = {
	};
	objectVersion = 52;
	objects = {

/* Begin PBXBuildFile section */
		628B7DD52B2D6E1511B96B05 /* Pods_Sharkpiggy_Messenger.framework in Frameworks */ = {isa = PBXBuildFile; fileRef = 3721C89879A6ECA03C87D037 /* Pods_Sharkpiggy_Messenger.framework */; };
		BFD140A024C22C8D003F6E43 /* ImagePicker.swift in Sources */ = {isa = PBXBuildFile; fileRef = BFD1409F24C22C8D003F6E43 /* ImagePicker.swift */; };
		BFD140A224C22CAD003F6E43 /* Indicator.swift in Sources */ = {isa = PBXBuildFile; fileRef = BFD140A124C22CAD003F6E43 /* Indicator.swift */; };
		BFD140A424C22CDE003F6E43 /* AccountCreation.swift in Sources */ = {isa = PBXBuildFile; fileRef = BFD140A324C22CDE003F6E43 /* AccountCreation.swift */; };
		BFD140A624C22D2A003F6E43 /* Home.swift in Sources */ = {isa = PBXBuildFile; fileRef = BFD140A524C22D2A003F6E43 /* Home.swift */; };
		BFD140A824C22D5B003F6E43 /* ScndPage.swift in Sources */ = {isa = PBXBuildFile; fileRef = BFD140A724C22D5B003F6E43 /* ScndPage.swift */; };
		BFD140AA24C22D7C003F6E43 /* FirstPage.swift in Sources */ = {isa = PBXBuildFile; fileRef = BFD140A924C22D7C003F6E43 /* FirstPage.swift */; };
		BFD140AC24C22DA2003F6E43 /* checkUser.swift in Sources */ = {isa = PBXBuildFile; fileRef = BFD140AB24C22DA2003F6E43 /* checkUser.swift */; };
		BFD140AE24C22DE6003F6E43 /* CreateUser.swift in Sources */ = {isa = PBXBuildFile; fileRef = BFD140AD24C22DE6003F6E43 /* CreateUser.swift */; };
		BFD140B124C230BF003F6E43 /* SDWebImageSwiftUI in Frameworks */ = {isa = PBXBuildFile; productRef = BFD140B024C230BF003F6E43 /* SDWebImageSwiftUI */; };
		BFE924C724C0309E0038DD4E /* AppDelegate.swift in Sources */ = {isa = PBXBuildFile; fileRef = BFE924C624C0309E0038DD4E /* AppDelegate.swift */; };
		BFE924C924C0309E0038DD4E /* SceneDelegate.swift in Sources */ = {isa = PBXBuildFile; fileRef = BFE924C824C0309E0038DD4E /* SceneDelegate.swift */; };
		BFE924CB24C0309E0038DD4E /* ContentView.swift in Sources */ = {isa = PBXBuildFile; fileRef = BFE924CA24C0309E0038DD4E /* ContentView.swift */; };
		BFE924CD24C030A10038DD4E /* Assets.xcassets in Resources */ = {isa = PBXBuildFile; fileRef = BFE924CC24C030A10038DD4E /* Assets.xcassets */; };
		BFE924D024C030A10038DD4E /* Preview Assets.xcassets in Resources */ = {isa = PBXBuildFile; fileRef = BFE924CF24C030A10038DD4E /* Preview Assets.xcassets */; };
		BFE924D324C030A10038DD4E /* LaunchScreen.storyboard in Resources */ = {isa = PBXBuildFile; fileRef = BFE924D124C030A10038DD4E /* LaunchScreen.storyboard */; };
		BFE924DB24C0322B0038DD4E /* GoogleService-Info.plist in Resources */ = {isa = PBXBuildFile; fileRef = BFE924DA24C0322B0038DD4E /* GoogleService-Info.plist */; };
/* End PBXBuildFile section */

/* Begin PBXFileReference section */
		3721C89879A6ECA03C87D037 /* Pods_Sharkpiggy_Messenger.framework */ = {isa = PBXFileReference; explicitFileType = wrapper.framework; includeInIndex = 0; path = Pods_Sharkpiggy_Messenger.framework; sourceTree = BUILT_PRODUCTS_DIR; };
		3A33441B667D72798058199C /* Pods-Sharkpiggy Messenger.release.xcconfig */ = {isa = PBXFileReference; includeInIndex = 1; lastKnownFileType = text.xcconfig; name = "Pods-Sharkpiggy Messenger.release.xcconfig"; path = "Target Support Files/Pods-Sharkpiggy Messenger/Pods-Sharkpiggy Messenger.release.xcconfig"; sourceTree = "<group>"; };
		7F07D6F3A2279F30795C2BC2 /* Pods-Sharkpiggy Messenger.debug.xcconfig */ = {isa = PBXFileReference; includeInIndex = 1; lastKnownFileType = text.xcconfig; name = "Pods-Sharkpiggy Messenger.debug.xcconfig"; path = "Target Support Files/Pods-Sharkpiggy Messenger/Pods-Sharkpiggy Messenger.debug.xcconfig"; sourceTree = "<group>"; };
		BFD1409F24C22C8D003F6E43 /* ImagePicker.swift */ = {isa = PBXFileReference; lastKnownFileType = sourcecode.swift; path = ImagePicker.swift; sourceTree = "<group>"; };
		BFD140A124C22CAD003F6E43 /* Indicator.swift */ = {isa = PBXFileReference; lastKnownFileType = sourcecode.swift; path = Indicator.swift; sourceTree = "<group>"; };
		BFD140A324C22CDE003F6E43 /* AccountCreation.swift */ = {isa = PBXFileReference; lastKnownFileType = sourcecode.swift; path = AccountCreation.swift; sourceTree = "<group>"; };
		BFD140A524C22D2A003F6E43 /* Home.swift */ = {isa = PBXFileReference; lastKnownFileType = sourcecode.swift; path = Home.swift; sourceTree = "<group>"; };
		BFD140A724C22D5B003F6E43 /* ScndPage.swift */ = {isa = PBXFileReference; lastKnownFileType = sourcecode.swift; path = ScndPage.swift; sourceTree = "<group>"; };
		BFD140A924C22D7C003F6E43 /* FirstPage.swift */ = {isa = PBXFileReference; lastKnownFileType = sourcecode.swift; path = FirstPage.swift; sourceTree = "<group>"; };
		BFD140AB24C22DA2003F6E43 /* checkUser.swift */ = {isa = PBXFileReference; lastKnownFileType = sourcecode.swift; path = checkUser.swift; sourceTree = "<group>"; };
		BFD140AD24C22DE6003F6E43 /* CreateUser.swift */ = {isa = PBXFileReference; lastKnownFileType = sourcecode.swift; path = CreateUser.swift; sourceTree = "<group>"; };
		BFE924C324C0309E0038DD4E /* Sharkpiggy Messenger.app */ = {isa = PBXFileReference; explicitFileType = wrapper.application; includeInIndex = 0; path = "Sharkpiggy Messenger.app"; sourceTree = BUILT_PRODUCTS_DIR; };
		BFE924C624C0309E0038DD4E /* AppDelegate.swift */ = {isa = PBXFileReference; lastKnownFileType = sourcecode.swift; path = AppDelegate.swift; sourceTree = "<group>"; };
		BFE924C824C0309E0038DD4E /* SceneDelegate.swift */ = {isa = PBXFileReference; lastKnownFileType = sourcecode.swift; path = SceneDelegate.swift; sourceTree = "<group>"; };
		BFE924CA24C0309E0038DD4E /* ContentView.swift */ = {isa = PBXFileReference; lastKnownFileType = sourcecode.swift; path = ContentView.swift; sourceTree = "<group>"; };
		BFE924CC24C030A10038DD4E /* Assets.xcassets */ = {isa = PBXFileReference; lastKnownFileType = folder.assetcatalog; path = Assets.xcassets; sourceTree = "<group>"; };
		BFE924CF24C030A10038DD4E /* Preview Assets.xcassets */ = {isa = PBXFileReference; lastKnownFileType = folder.assetcatalog; path = "Preview Assets.xcassets"; sourceTree = "<group>"; };
		BFE924D224C030A10038DD4E /* Base */ = {isa = PBXFileReference; lastKnownFileType = file.storyboard; name = Base; path = Base.lproj/LaunchScreen.storyboard; sourceTree = "<group>"; };
		BFE924D424C030A10038DD4E /* Info.plist */ = {isa = PBXFileReference; lastKnownFileType = text.plist.xml; path = Info.plist; sourceTree = "<group>"; };
		BFE924DA24C0322B0038DD4E /* GoogleService-Info.plist */ = {isa = PBXFileReference; fileEncoding = 4; lastKnownFileType = text.plist.xml; path = "GoogleService-Info.plist"; sourceTree = "<group>"; };
/* End PBXFileReference section */

/* Begin PBXFrameworksBuildPhase section */
		BFE924C024C0309E0038DD4E /* Frameworks */ = {
			isa = PBXFrameworksBuildPhase;
			buildActionMask = 2147483647;
			files = (
				BFD140B124C230BF003F6E43 /* SDWebImageSwiftUI in Frameworks */,
				628B7DD52B2D6E1511B96B05 /* Pods_Sharkpiggy_Messenger.framework in Frameworks */,
			);
			runOnlyForDeploymentPostprocessing = 0;
		};
/* End PBXFrameworksBuildPhase section */

/* Begin PBXGroup section */
		1393EE4A50CD5FF4AD1ECCBC /* Pods */ = {
			isa = PBXGroup;
			children = (
				7F07D6F3A2279F30795C2BC2 /* Pods-Sharkpiggy Messenger.debug.xcconfig */,
				3A33441B667D72798058199C /* Pods-Sharkpiggy Messenger.release.xcconfig */,
			);
			path = Pods;
			sourceTree = "<group>";
		};
		7D03AAD9C649D44B1FE77CED /* Frameworks */ = {
			isa = PBXGroup;
			children = (
				3721C89879A6ECA03C87D037 /* Pods_Sharkpiggy_Messenger.framework */,
			);
			name = Frameworks;
			sourceTree = "<group>";
		};
		BFE924BA24C0309D0038DD4E = {
			isa = PBXGroup;
			children = (
				BFE924C524C0309E0038DD4E /* Sharkpiggy Messenger */,
				BFE924C424C0309E0038DD4E /* Products */,
				1393EE4A50CD5FF4AD1ECCBC /* Pods */,
				7D03AAD9C649D44B1FE77CED /* Frameworks */,
			);
			sourceTree = "<group>";
		};
		BFE924C424C0309E0038DD4E /* Products */ = {
			isa = PBXGroup;
			children = (
				BFE924C324C0309E0038DD4E /* Sharkpiggy Messenger.app */,
			);
			name = Products;
			sourceTree = "<group>";
		};
		BFE924C524C0309E0038DD4E /* Sharkpiggy Messenger */ = {
			isa = PBXGroup;
			children = (
				BFE924C624C0309E0038DD4E /* AppDelegate.swift */,
				BFE924C824C0309E0038DD4E /* SceneDelegate.swift */,
				BFE924CA24C0309E0038DD4E /* ContentView.swift */,
				BFD1409F24C22C8D003F6E43 /* ImagePicker.swift */,
				BFD140A324C22CDE003F6E43 /* AccountCreation.swift */,
				BFD140A524C22D2A003F6E43 /* Home.swift */,
				BFD140A724C22D5B003F6E43 /* ScndPage.swift */,
				BFD140A924C22D7C003F6E43 /* FirstPage.swift */,
				BFD140AB24C22DA2003F6E43 /* checkUser.swift */,
				BFD140AD24C22DE6003F6E43 /* CreateUser.swift */,
				BFD140A124C22CAD003F6E43 /* Indicator.swift */,
				BFE924CC24C030A10038DD4E /* Assets.xcassets */,
				BFE924D124C030A10038DD4E /* LaunchScreen.storyboard */,
				BFE924D424C030A10038DD4E /* Info.plist */,
				BFE924DA24C0322B0038DD4E /* GoogleService-Info.plist */,
				BFE924CE24C030A10038DD4E /* Preview Content */,
			);
			path = "Sharkpiggy Messenger";
			sourceTree = "<group>";
		};
		BFE924CE24C030A10038DD4E /* Preview Content */ = {
			isa = PBXGroup;
			children = (
				BFE924CF24C030A10038DD4E /* Preview Assets.xcassets */,
			);
			path = "Preview Content";
			sourceTree = "<group>";
		};
/* End PBXGroup section */

/* Begin PBXNativeTarget section */
		BFE924C224C0309E0038DD4E /* Sharkpiggy Messenger */ = {
			isa = PBXNativeTarget;
			buildConfigurationList = BFE924D724C030A10038DD4E /* Build configuration list for PBXNativeTarget "Sharkpiggy Messenger" */;
			buildPhases = (
				4CAFE9718E33E2F1FED37775 /* [CP] Check Pods Manifest.lock */,
				BFE924BF24C0309E0038DD4E /* Sources */,
				BFE924C024C0309E0038DD4E /* Frameworks */,
				BFE924C124C0309E0038DD4E /* Resources */,
				898D185C2DA7AFE04BEF26B0 /* [CP] Embed Pods Frameworks */,
			);
			buildRules = (
			);
			dependencies = (
			);
			name = "Sharkpiggy Messenger";
			packageProductDependencies = (
				BFD140B024C230BF003F6E43 /* SDWebImageSwiftUI */,
			);
			productName = "Sharkpiggy Messenger";
			productReference = BFE924C324C0309E0038DD4E /* Sharkpiggy Messenger.app */;
			productType = "com.apple.product-type.application";
		};
/* End PBXNativeTarget section */

/* Begin PBXProject section */
		BFE924BB24C0309D0038DD4E /* Project object */ = {
			isa = PBXProject;
			attributes = {
				LastSwiftUpdateCheck = 1150;
				LastUpgradeCheck = 1150;
				ORGANIZATIONNAME = "Adiel Hernandez";
				TargetAttributes = {
					BFE924C224C0309E0038DD4E = {
						CreatedOnToolsVersion = 11.5;
					};
				};
			};
			buildConfigurationList = BFE924BE24C0309D0038DD4E /* Build configuration list for PBXProject "Sharkpiggy Messenger" */;
			compatibilityVersion = "Xcode 9.3";
			developmentRegion = en;
			hasScannedForEncodings = 0;
			knownRegions = (
				en,
				Base,
			);
			mainGroup = BFE924BA24C0309D0038DD4E;
			packageReferences = (
				BFD140AF24C230BF003F6E43 /* XCRemoteSwiftPackageReference "SDWebImageSwiftUI" */,
			);
			productRefGroup = BFE924C424C0309E0038DD4E /* Products */;
			projectDirPath = "";
			projectRoot = "";
			targets = (
				BFE924C224C0309E0038DD4E /* Sharkpiggy Messenger */,
			);
		};
/* End PBXProject section */

/* Begin PBXResourcesBuildPhase section */
		BFE924C124C0309E0038DD4E /* Resources */ = {
			isa = PBXResourcesBuildPhase;
			buildActionMask = 2147483647;
			files = (
				BFE924D324C030A10038DD4E /* LaunchScreen.storyboard in Resources */,
				BFE924DB24C0322B0038DD4E /* GoogleService-Info.plist in Resources */,
				BFE924D024C030A10038DD4E /* Preview Assets.xcassets in Resources */,
				BFE924CD24C030A10038DD4E /* Assets.xcassets in Resources */,
			);
			runOnlyForDeploymentPostprocessing = 0;
		};
/* End PBXResourcesBuildPhase section */

/* Begin PBXShellScriptBuildPhase section */
		4CAFE9718E33E2F1FED37775 /* [CP] Check Pods Manifest.lock */ = {
			isa = PBXShellScriptBuildPhase;
			buildActionMask = 2147483647;
			files = (
			);
			inputFileListPaths = (
			);
			inputPaths = (
				"${PODS_PODFILE_DIR_PATH}/Podfile.lock",
				"${PODS_ROOT}/Manifest.lock",
			);
			name = "[CP] Check Pods Manifest.lock";
			outputFileListPaths = (
			);
			outputPaths = (
				"$(DERIVED_FILE_DIR)/Pods-Sharkpiggy Messenger-checkManifestLockResult.txt",
			);
			runOnlyForDeploymentPostprocessing = 0;
			shellPath = /bin/sh;
			shellScript = "diff \"${PODS_PODFILE_DIR_PATH}/Podfile.lock\" \"${PODS_ROOT}/Manifest.lock\" > /dev/null\nif [ $? != 0 ] ; then\n    # print error to STDERR\n    echo \"error: The sandbox is not in sync with the Podfile.lock. Run 'pod install' or update your CocoaPods installation.\" >&2\n    exit 1\nfi\n# This output is used by Xcode 'outputs' to avoid re-running this script phase.\necho \"SUCCESS\" > \"${SCRIPT_OUTPUT_FILE_0}\"\n";
			showEnvVarsInLog = 0;
		};
		898D185C2DA7AFE04BEF26B0 /* [CP] Embed Pods Frameworks */ = {
			isa = PBXShellScriptBuildPhase;
			buildActionMask = 2147483647;
			files = (
			);
			inputFileListPaths = (
				"${PODS_ROOT}/Target Support Files/Pods-Sharkpiggy Messenger/Pods-Sharkpiggy Messenger-frameworks-${CONFIGURATION}-input-files.xcfilelist",
			);
			name = "[CP] Embed Pods Frameworks";
			outputFileListPaths = (
				"${PODS_ROOT}/Target Support Files/Pods-Sharkpiggy Messenger/Pods-Sharkpiggy Messenger-frameworks-${CONFIGURATION}-output-files.xcfilelist",
			);
			runOnlyForDeploymentPostprocessing = 0;
			shellPath = /bin/sh;
			shellScript = "\"${PODS_ROOT}/Target Support Files/Pods-Sharkpiggy Messenger/Pods-Sharkpiggy Messenger-frameworks.sh\"\n";
			showEnvVarsInLog = 0;
		};
/* End PBXShellScriptBuildPhase section */

/* Begin PBXSourcesBuildPhase section */
		BFE924BF24C0309E0038DD4E /* Sources */ = {
			isa = PBXSourcesBuildPhase;
			buildActionMask = 2147483647;
			files = (
				BFE924C724C0309E0038DD4E /* AppDelegate.swift in Sources */,
				BFD140A024C22C8D003F6E43 /* ImagePicker.swift in Sources */,
				BFD140A424C22CDE003F6E43 /* AccountCreation.swift in Sources */,
				BFE924C924C0309E0038DD4E /* SceneDelegate.swift in Sources */,
				BFD140A224C22CAD003F6E43 /* Indicator.swift in Sources */,
				BFD140AC24C22DA2003F6E43 /* checkUser.swift in Sources */,
				BFD140AA24C22D7C003F6E43 /* FirstPage.swift in Sources */,
				BFE924CB24C0309E0038DD4E /* ContentView.swift in Sources */,
				BFD140A824C22D5B003F6E43 /* ScndPage.swift in Sources */,
				BFD140A624C22D2A003F6E43 /* Home.swift in Sources */,
				BFD140AE24C22DE6003F6E43 /* CreateUser.swift in Sources */,
			);
			runOnlyForDeploymentPostprocessing = 0;
		};
/* End PBXSourcesBuildPhase section */

/* Begin PBXVariantGroup section */
		BFE924D124C030A10038DD4E /* LaunchScreen.storyboard */ = {
			isa = PBXVariantGroup;
			children = (
				BFE924D224C030A10038DD4E /* Base */,
			);
			name = LaunchScreen.storyboard;
			sourceTree = "<group>";
		};
/* End PBXVariantGroup section */

/* Begin XCBuildConfiguration section */
		BFE924D524C030A10038DD4E /* Debug */ = {
			isa = XCBuildConfiguration;
			buildSettings = {
				ALWAYS_SEARCH_USER_PATHS = NO;
				CLANG_ANALYZER_NONNULL = YES;
				CLANG_ANALYZER_NUMBER_OBJECT_CONVERSION = YES_AGGRESSIVE;
				CLANG_CXX_LANGUAGE_STANDARD = "gnu++14";
				CLANG_CXX_LIBRARY = "libc++";
				CLANG_ENABLE_MODULES = YES;
				CLANG_ENABLE_OBJC_ARC = YES;
				CLANG_ENABLE_OBJC_WEAK = YES;
				CLANG_WARN_BLOCK_CAPTURE_AUTORELEASING = YES;
				CLANG_WARN_BOOL_CONVERSION = YES;
				CLANG_WARN_COMMA = YES;
				CLANG_WARN_CONSTANT_CONVERSION = YES;
				CLANG_WARN_DEPRECATED_OBJC_IMPLEMENTATIONS = YES;
				CLANG_WARN_DIRECT_OBJC_ISA_USAGE = YES_ERROR;
				CLANG_WARN_DOCUMENTATION_COMMENTS = YES;
				CLANG_WARN_EMPTY_BODY = YES;
				CLANG_WARN_ENUM_CONVERSION = YES;
				CLANG_WARN_INFINITE_RECURSION = YES;
				CLANG_WARN_INT_CONVERSION = YES;
				CLANG_WARN_NON_LITERAL_NULL_CONVERSION = YES;
				CLANG_WARN_OBJC_IMPLICIT_RETAIN_SELF = YES;
				CLANG_WARN_OBJC_LITERAL_CONVERSION = YES;
				CLANG_WARN_OBJC_ROOT_CLASS = YES_ERROR;
				CLANG_WARN_RANGE_LOOP_ANALYSIS = YES;
				CLANG_WARN_STRICT_PROTOTYPES = YES;
				CLANG_WARN_SUSPICIOUS_MOVE = YES;
				CLANG_WARN_UNGUARDED_AVAILABILITY = YES_AGGRESSIVE;
				CLANG_WARN_UNREACHABLE_CODE = YES;
				CLANG_WARN__DUPLICATE_METHOD_MATCH = YES;
				COPY_PHASE_STRIP = NO;
				DEBUG_INFORMATION_FORMAT = dwarf;
				ENABLE_STRICT_OBJC_MSGSEND = YES;
				ENABLE_TESTABILITY = YES;
				GCC_C_LANGUAGE_STANDARD = gnu11;
				GCC_DYNAMIC_NO_PIC = NO;
				GCC_NO_COMMON_BLOCKS = YES;
				GCC_OPTIMIZATION_LEVEL = 0;
				GCC_PREPROCESSOR_DEFINITIONS = (
					"DEBUG=1",
					"$(inherited)",
				);
				GCC_WARN_64_TO_32_BIT_CONVERSION = YES;
				GCC_WARN_ABOUT_RETURN_TYPE = YES_ERROR;
				GCC_WARN_UNDECLARED_SELECTOR = YES;
				GCC_WARN_UNINITIALIZED_AUTOS = YES_AGGRESSIVE;
				GCC_WARN_UNUSED_FUNCTION = YES;
				GCC_WARN_UNUSED_VARIABLE = YES;
				IPHONEOS_DEPLOYMENT_TARGET = 13.5;
				MTL_ENABLE_DEBUG_INFO = INCLUDE_SOURCE;
				MTL_FAST_MATH = YES;
				ONLY_ACTIVE_ARCH = YES;
				SDKROOT = iphoneos;
				SWIFT_ACTIVE_COMPILATION_CONDITIONS = DEBUG;
				SWIFT_OPTIMIZATION_LEVEL = "-Onone";
			};
			name = Debug;
		};
		BFE924D624C030A10038DD4E /* Release */ = {
			isa = XCBuildConfiguration;
			buildSettings = {
				ALWAYS_SEARCH_USER_PATHS = NO;
				CLANG_ANALYZER_NONNULL = YES;
				CLANG_ANALYZER_NUMBER_OBJECT_CONVERSION = YES_AGGRESSIVE;
				CLANG_CXX_LANGUAGE_STANDARD = "gnu++14";
				CLANG_CXX_LIBRARY = "libc++";
				CLANG_ENABLE_MODULES = YES;
				CLANG_ENABLE_OBJC_ARC = YES;
				CLANG_ENABLE_OBJC_WEAK = YES;
				CLANG_WARN_BLOCK_CAPTURE_AUTORELEASING = YES;
				CLANG_WARN_BOOL_CONVERSION = YES;
				CLANG_WARN_COMMA = YES;
				CLANG_WARN_CONSTANT_CONVERSION = YES;
				CLANG_WARN_DEPRECATED_OBJC_IMPLEMENTATIONS = YES;
				CLANG_WARN_DIRECT_OBJC_ISA_USAGE = YES_ERROR;
				CLANG_WARN_DOCUMENTATION_COMMENTS = YES;
				CLANG_WARN_EMPTY_BODY = YES;
				CLANG_WARN_ENUM_CONVERSION = YES;
				CLANG_WARN_INFINITE_RECURSION = YES;
				CLANG_WARN_INT_CONVERSION = YES;
				CLANG_WARN_NON_LITERAL_NULL_CONVERSION = YES;
				CLANG_WARN_OBJC_IMPLICIT_RETAIN_SELF = YES;
				CLANG_WARN_OBJC_LITERAL_CONVERSION = YES;
				CLANG_WARN_OBJC_ROOT_CLASS = YES_ERROR;
				CLANG_WARN_RANGE_LOOP_ANALYSIS = YES;
				CLANG_WARN_STRICT_PROTOTYPES = YES;
				CLANG_WARN_SUSPICIOUS_MOVE = YES;
				CLANG_WARN_UNGUARDED_AVAILABILITY = YES_AGGRESSIVE;
				CLANG_WARN_UNREACHABLE_CODE = YES;
				CLANG_WARN__DUPLICATE_METHOD_MATCH = YES;
				COPY_PHASE_STRIP = NO;
				DEBUG_INFORMATION_FORMAT = "dwarf-with-dsym";
				ENABLE_NS_ASSERTIONS = NO;
				ENABLE_STRICT_OBJC_MSGSEND = YES;
				GCC_C_LANGUAGE_STANDARD = gnu11;
				GCC_NO_COMMON_BLOCKS = YES;
				GCC_WARN_64_TO_32_BIT_CONVERSION = YES;
				GCC_WARN_ABOUT_RETURN_TYPE = YES_ERROR;
				GCC_WARN_UNDECLARED_SELECTOR = YES;
				GCC_WARN_UNINITIALIZED_AUTOS = YES_AGGRESSIVE;
				GCC_WARN_UNUSED_FUNCTION = YES;
				GCC_WARN_UNUSED_VARIABLE = YES;
				IPHONEOS_DEPLOYMENT_TARGET = 13.5;
				MTL_ENABLE_DEBUG_INFO = NO;
				MTL_FAST_MATH = YES;
				SDKROOT = iphoneos;
				SWIFT_COMPILATION_MODE = wholemodule;
				SWIFT_OPTIMIZATION_LEVEL = "-O";
				VALIDATE_PRODUCT = YES;
			};
			name = Release;
		};
		BFE924D824C030A10038DD4E /* Debug */ = {
			isa = XCBuildConfiguration;
			baseConfigurationReference = 7F07D6F3A2279F30795C2BC2 /* Pods-Sharkpiggy Messenger.debug.xcconfig */;
			buildSettings = {
				ASSETCATALOG_COMPILER_APPICON_NAME = AppIcon;
				CODE_SIGN_STYLE = Automatic;
				DEVELOPMENT_ASSET_PATHS = "\"Sharkpiggy Messenger/Preview Content\"";
				DEVELOPMENT_TEAM = U6D3JTEZG8;
				ENABLE_PREVIEWS = YES;
				INFOPLIST_FILE = "Sharkpiggy Messenger/Info.plist";
				LD_RUNPATH_SEARCH_PATHS = (
					"$(inherited)",
					"@executable_path/Frameworks",
				);
				PRODUCT_BUNDLE_IDENTIFIER = "com.DrCodez.Sharkpiggy-Messenger";
				PRODUCT_NAME = "$(TARGET_NAME)";
				SWIFT_VERSION = 5.0;
				TARGETED_DEVICE_FAMILY = "1,2";
			};
			name = Debug;
		};
		BFE924D924C030A10038DD4E /* Release */ = {
			isa = XCBuildConfiguration;
			baseConfigurationReference = 3A33441B667D72798058199C /* Pods-Sharkpiggy Messenger.release.xcconfig */;
			buildSettings = {
				ASSETCATALOG_COMPILER_APPICON_NAME = AppIcon;
				CODE_SIGN_STYLE = Automatic;
				DEVELOPMENT_ASSET_PATHS = "\"Sharkpiggy Messenger/Preview Content\"";
				DEVELOPMENT_TEAM = U6D3JTEZG8;
				ENABLE_PREVIEWS = YES;
				INFOPLIST_FILE = "Sharkpiggy Messenger/Info.plist";
				LD_RUNPATH_SEARCH_PATHS = (
					"$(inherited)",
					"@executable_path/Frameworks",
				);
				PRODUCT_BUNDLE_IDENTIFIER = "com.DrCodez.Sharkpiggy-Messenger";
				PRODUCT_NAME = "$(TARGET_NAME)";
				SWIFT_VERSION = 5.0;
				TARGETED_DEVICE_FAMILY = "1,2";
			};
			name = Release;
		};
/* End XCBuildConfiguration section */

/* Begin XCConfigurationList section */
		BFE924BE24C0309D0038DD4E /* Build configuration list for PBXProject "Sharkpiggy Messenger" */ = {
			isa = XCConfigurationList;
			buildConfigurations = (
				BFE924D524C030A10038DD4E /* Debug */,
				BFE924D624C030A10038DD4E /* Release */,
			);
			defaultConfigurationIsVisible = 0;
			defaultConfigurationName = Release;
		};
		BFE924D724C030A10038DD4E /* Build configuration list for PBXNativeTarget "Sharkpiggy Messenger" */ = {
			isa = XCConfigurationList;
			buildConfigurations = (
				BFE924D824C030A10038DD4E /* Debug */,
				BFE924D924C030A10038DD4E /* Release */,
			);
			defaultConfigurationIsVisible = 0;
			defaultConfigurationName = Release;
		};
/* End XCConfigurationList section */

/* Begin XCRemoteSwiftPackageReference section */
		BFD140AF24C230BF003F6E43 /* XCRemoteSwiftPackageReference "SDWebImageSwiftUI" */ = {
			isa = XCRemoteSwiftPackageReference;
			repositoryURL = "https://github.com/SDWebImage/SDWebImageSwiftUI.git";
			requirement = {
				kind = upToNextMajorVersion;
				minimumVersion = 1.5.0;
			};
		};
/* End XCRemoteSwiftPackageReference section */

/* Begin XCSwiftPackageProductDependency section */
		BFD140B024C230BF003F6E43 /* SDWebImageSwiftUI */ = {
			isa = XCSwiftPackageProductDependency;
			package = BFD140AF24C230BF003F6E43 /* XCRemoteSwiftPackageReference "SDWebImageSwiftUI" */;
			productName = SDWebImageSwiftUI;
		};
/* End XCSwiftPackageProductDependency section */
	};
	rootObject = BFE924BB24C0309D0038DD4E /* Project object */;
}
